
Microsoft Visual Studio Solution File, Format Version 12.00
# Visual Studio 15
VisualStudioVersion = 15.0.26228.9
MinimumVisualStudioVersion = 10.0.40219.1
Project("{9A19103F-16F7-4668-BE54-9A1E7A4F7556}") = "IdentityServerWithAspNetIdentity", "IdentityServerWithAspNetIdentity\IdentityServerWithAspNetIdentity.csproj", "{1ECB5581-FFA5-4C11-A491-C85ABD962033}"
EndProject
Project("{E53339B2-1760-4266-BCC7-CA923CBCF16C}") = "docker-compose", "docker-compose.dcproj", "{FB0C845B-C94B-4FD9-A444-38E80BABBA8E}"
EndProject
Global
	GlobalSection(SolutionConfigurationPlatforms) = preSolution
		Debug|Any CPU = Debug|Any CPU
		Release|Any CPU = Release|Any CPU
	EndGlobalSection
	GlobalSection(ProjectConfigurationPlatforms) = postSolution
		{1ECB5581-FFA5-4C11-A491-C85ABD962033}.Debug|Any CPU.ActiveCfg = Debug|Any CPU
		{1ECB5581-FFA5-4C11-A491-C85ABD962033}.Debug|Any CPU.Build.0 = Debug|Any CPU
		{1ECB5581-FFA5-4C11-A491-C85ABD962033}.Release|Any CPU.ActiveCfg = Release|Any CPU
		{1ECB5581-FFA5-4C11-A491-C85ABD962033}.Release|Any CPU.Build.0 = Release|Any CPU
		{FB0C845B-C94B-4FD9-A444-38E80BABBA8E}.Debug|Any CPU.ActiveCfg = Debug|Any CPU
		{FB0C845B-C94B-4FD9-A444-38E80BABBA8E}.Debug|Any CPU.Build.0 = Debug|Any CPU
		{FB0C845B-C94B-4FD9-A444-38E80BABBA8E}.Release|Any CPU.ActiveCfg = Release|Any CPU
		{FB0C845B-C94B-4FD9-A444-38E80BABBA8E}.Release|Any CPU.Build.0 = Release|Any CPU
	EndGlobalSection
	GlobalSection(SolutionProperties) = preSolution
		HideSolutionNode = FALSE
	EndGlobalSection
	GlobalSection(ExtensibilityGlobals) = postSolution
		SolutionGuid = {150AA092-C732-4CEA-B4AD-8DCB695D7475}
	EndGlobalSection
EndGlobal
